
Microsoft Visual Studio Solution File, Format Version 12.00
# Visual Studio Version 16
VisualStudioVersion = 16.0.31624.102
MinimumVisualStudioVersion = 10.0.40219.1
Project("{FAE04EC0-301F-11D3-BF4B-00C04F79EFBC}") = "Test_A_Alley", "Test_A_Alley.csproj", "{C909CF23-E2C8-4379-81F6-9CA25078DD86}"
EndProject
Global
	GlobalSection(SolutionConfigurationPlatforms) = preSolution
		Debug|Any CPU = Debug|Any CPU
		Release|Any CPU = Release|Any CPU
	EndGlobalSection
	GlobalSection(ProjectConfigurationPlatforms) = postSolution
		{C909CF23-E2C8-4379-81F6-9CA25078DD86}.Debug|Any CPU.ActiveCfg = Debug|Any CPU
		{C909CF23-E2C8-4379-81F6-9CA25078DD86}.Debug|Any CPU.Build.0 = Debug|Any CPU
		{C909CF23-E2C8-4379-81F6-9CA25078DD86}.Release|Any CPU.ActiveCfg = Release|Any CPU
		{C909CF23-E2C8-4379-81F6-9CA25078DD86}.Release|Any CPU.Build.0 = Release|Any CPU
	EndGlobalSection
	GlobalSection(SolutionProperties) = preSolution
		HideSolutionNode = FALSE
	EndGlobalSection
	GlobalSection(ExtensibilityGlobals) = postSolution
		SolutionGuid = {BC40C492-91A1-4B91-8EBF-BA57612E30B1}
	EndGlobalSection
EndGlobal
