
Microsoft Visual Studio Solution File, Format Version 12.00
# Visual Studio Version 16
VisualStudioVersion = 16.0.31624.102
MinimumVisualStudioVersion = 10.0.40219.1
Project("{FAE04EC0-301F-11D3-BF4B-00C04F79EFBC}") = "TheatreApplication", "TheatreApplication.csproj", "{372185CF-0208-41A6-8217-629DAE2848CC}"
EndProject
Global
	GlobalSection(SolutionConfigurationPlatforms) = preSolution
		Debug|Any CPU = Debug|Any CPU
		Release|Any CPU = Release|Any CPU
	EndGlobalSection
	GlobalSection(ProjectConfigurationPlatforms) = postSolution
		{372185CF-0208-41A6-8217-629DAE2848CC}.Debug|Any CPU.ActiveCfg = Debug|Any CPU
		{372185CF-0208-41A6-8217-629DAE2848CC}.Debug|Any CPU.Build.0 = Debug|Any CPU
		{372185CF-0208-41A6-8217-629DAE2848CC}.Release|Any CPU.ActiveCfg = Release|Any CPU
		{372185CF-0208-41A6-8217-629DAE2848CC}.Release|Any CPU.Build.0 = Release|Any CPU
	EndGlobalSection
	GlobalSection(SolutionProperties) = preSolution
		HideSolutionNode = FALSE
	EndGlobalSection
	GlobalSection(ExtensibilityGlobals) = postSolution
		SolutionGuid = {401FFFE8-14B9-4D06-9455-2A75C9852A70}
	EndGlobalSection
EndGlobal
