
Microsoft Visual Studio Solution File, Format Version 12.00
# Visual Studio Version 16
VisualStudioVersion = 16.0.31624.102
MinimumVisualStudioVersion = 10.0.40219.1
Project("{FAE04EC0-301F-11D3-BF4B-00C04F79EFBC}") = "ConsoleApp1", "ConsoleApp1.csproj", "{DDE67010-7696-413E-A483-6BDB0F0C34CB}"
EndProject
Global
	GlobalSection(SolutionConfigurationPlatforms) = preSolution
		Debug|Any CPU = Debug|Any CPU
		Release|Any CPU = Release|Any CPU
	EndGlobalSection
	GlobalSection(ProjectConfigurationPlatforms) = postSolution
		{DDE67010-7696-413E-A483-6BDB0F0C34CB}.Debug|Any CPU.ActiveCfg = Debug|Any CPU
		{DDE67010-7696-413E-A483-6BDB0F0C34CB}.Debug|Any CPU.Build.0 = Debug|Any CPU
		{DDE67010-7696-413E-A483-6BDB0F0C34CB}.Release|Any CPU.ActiveCfg = Release|Any CPU
		{DDE67010-7696-413E-A483-6BDB0F0C34CB}.Release|Any CPU.Build.0 = Release|Any CPU
	EndGlobalSection
	GlobalSection(SolutionProperties) = preSolution
		HideSolutionNode = FALSE
	EndGlobalSection
	GlobalSection(ExtensibilityGlobals) = postSolution
		SolutionGuid = {98BDB5CB-3F0D-4527-B65C-BA5BFE6E9DBE}
	EndGlobalSection
EndGlobal
